
Microsoft Visual Studio Solution File, Format Version 12.00
# Visual Studio Version 16
VisualStudioVersion = 16.0.29709.97
MinimumVisualStudioVersion = 10.0.40219.1
Project("{FAE04EC0-301F-11D3-BF4B-00C04F79EFBC}") = "SimpleEFCore", "SimpleEFCore.csproj", "{3ADBBCAB-4736-49A2-84A0-08CD89A6D416}"
EndProject
Global
	GlobalSection(SolutionConfigurationPlatforms) = preSolution
		Debug|Any CPU = Debug|Any CPU
		Release|Any CPU = Release|Any CPU
	EndGlobalSection
	GlobalSection(ProjectConfigurationPlatforms) = postSolution
		{3ADBBCAB-4736-49A2-84A0-08CD89A6D416}.Debug|Any CPU.ActiveCfg = Debug|Any CPU
		{3ADBBCAB-4736-49A2-84A0-08CD89A6D416}.Debug|Any CPU.Build.0 = Debug|Any CPU
		{3ADBBCAB-4736-49A2-84A0-08CD89A6D416}.Release|Any CPU.ActiveCfg = Release|Any CPU
		{3ADBBCAB-4736-49A2-84A0-08CD89A6D416}.Release|Any CPU.Build.0 = Release|Any CPU
	EndGlobalSection
	GlobalSection(SolutionProperties) = preSolution
		HideSolutionNode = FALSE
	EndGlobalSection
	GlobalSection(ExtensibilityGlobals) = postSolution
		SolutionGuid = {4BDC3FF8-DCF9-4691-8D34-43507FA9C5BB}
	EndGlobalSection
EndGlobal
